
Microsoft Visual Studio Solution File, Format Version 12.00
# Visual Studio Version 16
VisualStudioVersion = 16.0.33214.272
MinimumVisualStudioVersion = 10.0.40219.1
Project("{9A19103F-16F7-4668-BE54-9A1E7A4F7556}") = "WeatherApp", "WeatherApp\WeatherApp.csproj", "{3D9C620E-A550-4C3B-9105-A2E9A781C48E}"
EndProject
Project("{FAE04EC0-301F-11D3-BF4B-00C04F79EFBC}") = "WeatherData", "WeatherData\WeatherData.csproj", "{ACDD509D-9BD9-4B7D-AFA6-00239D3CA2DD}"
EndProject
Global
	GlobalSection(SolutionConfigurationPlatforms) = preSolution
		Debug|Any CPU = Debug|Any CPU
		Release|Any CPU = Release|Any CPU
	EndGlobalSection
	GlobalSection(ProjectConfigurationPlatforms) = postSolution
		{3D9C620E-A550-4C3B-9105-A2E9A781C48E}.Debug|Any CPU.ActiveCfg = Debug|Any CPU
		{3D9C620E-A550-4C3B-9105-A2E9A781C48E}.Debug|Any CPU.Build.0 = Debug|Any CPU
		{3D9C620E-A550-4C3B-9105-A2E9A781C48E}.Release|Any CPU.ActiveCfg = Release|Any CPU
		{3D9C620E-A550-4C3B-9105-A2E9A781C48E}.Release|Any CPU.Build.0 = Release|Any CPU
		{ACDD509D-9BD9-4B7D-AFA6-00239D3CA2DD}.Debug|Any CPU.ActiveCfg = Debug|Any CPU
		{ACDD509D-9BD9-4B7D-AFA6-00239D3CA2DD}.Debug|Any CPU.Build.0 = Debug|Any CPU
		{ACDD509D-9BD9-4B7D-AFA6-00239D3CA2DD}.Release|Any CPU.ActiveCfg = Release|Any CPU
		{ACDD509D-9BD9-4B7D-AFA6-00239D3CA2DD}.Release|Any CPU.Build.0 = Release|Any CPU
	EndGlobalSection
	GlobalSection(SolutionProperties) = preSolution
		HideSolutionNode = FALSE
	EndGlobalSection
	GlobalSection(ExtensibilityGlobals) = postSolution
		SolutionGuid = {4E517ADE-48DD-46DC-ADEE-7C31581A8B76}
	EndGlobalSection
EndGlobal
